
Microsoft Visual Studio Solution File, Format Version 12.00
# Visual Studio Version 16
VisualStudioVersion = 16.0.30309.148
MinimumVisualStudioVersion = 10.0.40219.1
Project("{FAE04EC0-301F-11D3-BF4B-00C04F79EFBC}") = "UblXsdToCS", "UblXsdToCS\UblXsdToCS.csproj", "{C9FC0B80-2519-4709-9AED-5D753BDA9552}"
EndProject
Global
	GlobalSection(SolutionConfigurationPlatforms) = preSolution
		Debug|Any CPU = Debug|Any CPU
		Release|Any CPU = Release|Any CPU
	EndGlobalSection
	GlobalSection(ProjectConfigurationPlatforms) = postSolution
		{C9FC0B80-2519-4709-9AED-5D753BDA9552}.Debug|Any CPU.ActiveCfg = Debug|Any CPU
		{C9FC0B80-2519-4709-9AED-5D753BDA9552}.Debug|Any CPU.Build.0 = Debug|Any CPU
		{C9FC0B80-2519-4709-9AED-5D753BDA9552}.Release|Any CPU.ActiveCfg = Release|Any CPU
		{C9FC0B80-2519-4709-9AED-5D753BDA9552}.Release|Any CPU.Build.0 = Release|Any CPU
	EndGlobalSection
	GlobalSection(SolutionProperties) = preSolution
		HideSolutionNode = FALSE
	EndGlobalSection
	GlobalSection(ExtensibilityGlobals) = postSolution
		SolutionGuid = {EE11CB42-C87D-4B44-9AE8-17B9613B498B}
	EndGlobalSection
	GlobalSection(SubversionScc) = preSolution
		Svn-Managed = True
		Manager = AnkhSVN - Subversion Support for Visual Studio
	EndGlobalSection
EndGlobal
